
Microsoft Visual Studio Solution File, Format Version 12.00
# Visual Studio Version 17
VisualStudioVersion = 17.2.32630.192
MinimumVisualStudioVersion = 10.0.40219.1
Project("{9A19103F-16F7-4668-BE54-9A1E7A4F7556}") = "ToDoList", "ToDoList\ToDoList.csproj", "{4E57D484-41E4-4A9E-93DE-BD186D4F2840}"
EndProject
Project("{9A19103F-16F7-4668-BE54-9A1E7A4F7556}") = "ToDoList.Data", "TodoList.Data\ToDoList.Data.csproj", "{5A3F3189-9552-4193-84CC-731B8C532604}"
EndProject
Project("{9A19103F-16F7-4668-BE54-9A1E7A4F7556}") = "ToDoList.Model", "ToDoList.Models\ToDoList.Model.csproj", "{8066AA98-A52E-4F36-A16E-61E2FD210E25}"
EndProject
Project("{FAE04EC0-301F-11D3-BF4B-00C04F79EFBC}") = "ToDoList.NUnitTest", "ToDoList.NUnitTest\ToDoList.NUnitTest.csproj", "{C33D8AE3-18AA-4961-9369-399AA581868F}"
EndProject
Global
	GlobalSection(SolutionConfigurationPlatforms) = preSolution
		Debug|Any CPU = Debug|Any CPU
		Release|Any CPU = Release|Any CPU
	EndGlobalSection
	GlobalSection(ProjectConfigurationPlatforms) = postSolution
		{4E57D484-41E4-4A9E-93DE-BD186D4F2840}.Debug|Any CPU.ActiveCfg = Debug|Any CPU
		{4E57D484-41E4-4A9E-93DE-BD186D4F2840}.Debug|Any CPU.Build.0 = Debug|Any CPU
		{4E57D484-41E4-4A9E-93DE-BD186D4F2840}.Release|Any CPU.ActiveCfg = Release|Any CPU
		{4E57D484-41E4-4A9E-93DE-BD186D4F2840}.Release|Any CPU.Build.0 = Release|Any CPU
		{5A3F3189-9552-4193-84CC-731B8C532604}.Debug|Any CPU.ActiveCfg = Debug|Any CPU
		{5A3F3189-9552-4193-84CC-731B8C532604}.Debug|Any CPU.Build.0 = Debug|Any CPU
		{5A3F3189-9552-4193-84CC-731B8C532604}.Release|Any CPU.ActiveCfg = Release|Any CPU
		{5A3F3189-9552-4193-84CC-731B8C532604}.Release|Any CPU.Build.0 = Release|Any CPU
		{8066AA98-A52E-4F36-A16E-61E2FD210E25}.Debug|Any CPU.ActiveCfg = Debug|Any CPU
		{8066AA98-A52E-4F36-A16E-61E2FD210E25}.Debug|Any CPU.Build.0 = Debug|Any CPU
		{8066AA98-A52E-4F36-A16E-61E2FD210E25}.Release|Any CPU.ActiveCfg = Release|Any CPU
		{8066AA98-A52E-4F36-A16E-61E2FD210E25}.Release|Any CPU.Build.0 = Release|Any CPU
		{C33D8AE3-18AA-4961-9369-399AA581868F}.Debug|Any CPU.ActiveCfg = Debug|Any CPU
		{C33D8AE3-18AA-4961-9369-399AA581868F}.Debug|Any CPU.Build.0 = Debug|Any CPU
		{C33D8AE3-18AA-4961-9369-399AA581868F}.Release|Any CPU.ActiveCfg = Release|Any CPU
		{C33D8AE3-18AA-4961-9369-399AA581868F}.Release|Any CPU.Build.0 = Release|Any CPU
	EndGlobalSection
	GlobalSection(SolutionProperties) = preSolution
		HideSolutionNode = FALSE
	EndGlobalSection
	GlobalSection(ExtensibilityGlobals) = postSolution
		SolutionGuid = {578E7411-75F5-439F-8759-2D0A13829253}
	EndGlobalSection
EndGlobal
